
Microsoft Visual Studio Solution File, Format Version 12.00
# Visual Studio Version 16
VisualStudioVersion = 16.0.30114.105
MinimumVisualStudioVersion = 10.0.40219.1
Project("{9A19103F-16F7-4668-BE54-9A1E7A4F7556}") = "Instil.Poker.Console", "Instil.Poker.Console\Instil.Poker.Console.csproj", "{DCCEC60C-4E5D-44CD-B0F2-FE20580ABDD6}"
EndProject
Project("{9A19103F-16F7-4668-BE54-9A1E7A4F7556}") = "Instil.Poker.Domain", "Instil.Poker.Domain\Instil.Poker.Domain.csproj", "{FCB148D0-8B6A-4B6C-9408-A912D6051FF2}"
EndProject
Project("{9A19103F-16F7-4668-BE54-9A1E7A4F7556}") = "Instil.Poker.Core", "Instil.Poker.Core\Instil.Poker.Core.csproj", "{96F91333-2545-4C1B-8E33-9522C0ECF589}"
EndProject
Project("{2150E333-8FDC-42A3-9474-1A3956D46DE8}") = "Tests", "Tests", "{79085055-D04E-4DFF-AF4F-6E23142AA371}"
EndProject
Project("{9A19103F-16F7-4668-BE54-9A1E7A4F7556}") = "Instil.Poker.Core.Tests", "Tests\Instil.Poker.Core.Tests\Instil.Poker.Core.Tests.csproj", "{CD8CD3F4-6791-4C70-9D80-84257B49B84A}"
EndProject
Project("{9A19103F-16F7-4668-BE54-9A1E7A4F7556}") = "Instil.Poker.Domain.Tests", "Tests\Instil.Poker.Domain.Tests\Instil.Poker.Domain.Tests.csproj", "{4D8470DD-CCEC-43B4-8D44-EAFE1234E01D}"
EndProject
Project("{9A19103F-16F7-4668-BE54-9A1E7A4F7556}") = "Instil.Poker.Tests.Common", "Tests\Instil.Poker.Tests.Common\Instil.Poker.Tests.Common.csproj", "{2C6AD3A8-2BE1-4559-80E8-28885EE4C360}"
EndProject
Global
	GlobalSection(SolutionConfigurationPlatforms) = preSolution
		Debug|Any CPU = Debug|Any CPU
		Debug|x64 = Debug|x64
		Debug|x86 = Debug|x86
		Release|Any CPU = Release|Any CPU
		Release|x64 = Release|x64
		Release|x86 = Release|x86
	EndGlobalSection
	GlobalSection(ProjectConfigurationPlatforms) = postSolution
		{DCCEC60C-4E5D-44CD-B0F2-FE20580ABDD6}.Debug|Any CPU.ActiveCfg = Debug|Any CPU
		{DCCEC60C-4E5D-44CD-B0F2-FE20580ABDD6}.Debug|Any CPU.Build.0 = Debug|Any CPU
		{DCCEC60C-4E5D-44CD-B0F2-FE20580ABDD6}.Debug|x64.ActiveCfg = Debug|Any CPU
		{DCCEC60C-4E5D-44CD-B0F2-FE20580ABDD6}.Debug|x64.Build.0 = Debug|Any CPU
		{DCCEC60C-4E5D-44CD-B0F2-FE20580ABDD6}.Debug|x86.ActiveCfg = Debug|Any CPU
		{DCCEC60C-4E5D-44CD-B0F2-FE20580ABDD6}.Debug|x86.Build.0 = Debug|Any CPU
		{DCCEC60C-4E5D-44CD-B0F2-FE20580ABDD6}.Release|Any CPU.ActiveCfg = Release|Any CPU
		{DCCEC60C-4E5D-44CD-B0F2-FE20580ABDD6}.Release|Any CPU.Build.0 = Release|Any CPU
		{DCCEC60C-4E5D-44CD-B0F2-FE20580ABDD6}.Release|x64.ActiveCfg = Release|Any CPU
		{DCCEC60C-4E5D-44CD-B0F2-FE20580ABDD6}.Release|x64.Build.0 = Release|Any CPU
		{DCCEC60C-4E5D-44CD-B0F2-FE20580ABDD6}.Release|x86.ActiveCfg = Release|Any CPU
		{DCCEC60C-4E5D-44CD-B0F2-FE20580ABDD6}.Release|x86.Build.0 = Release|Any CPU
		{FCB148D0-8B6A-4B6C-9408-A912D6051FF2}.Debug|Any CPU.ActiveCfg = Debug|Any CPU
		{FCB148D0-8B6A-4B6C-9408-A912D6051FF2}.Debug|Any CPU.Build.0 = Debug|Any CPU
		{FCB148D0-8B6A-4B6C-9408-A912D6051FF2}.Debug|x64.ActiveCfg = Debug|Any CPU
		{FCB148D0-8B6A-4B6C-9408-A912D6051FF2}.Debug|x64.Build.0 = Debug|Any CPU
		{FCB148D0-8B6A-4B6C-9408-A912D6051FF2}.Debug|x86.ActiveCfg = Debug|Any CPU
		{FCB148D0-8B6A-4B6C-9408-A912D6051FF2}.Debug|x86.Build.0 = Debug|Any CPU
		{FCB148D0-8B6A-4B6C-9408-A912D6051FF2}.Release|Any CPU.ActiveCfg = Release|Any CPU
		{FCB148D0-8B6A-4B6C-9408-A912D6051FF2}.Release|Any CPU.Build.0 = Release|Any CPU
		{FCB148D0-8B6A-4B6C-9408-A912D6051FF2}.Release|x64.ActiveCfg = Release|Any CPU
		{FCB148D0-8B6A-4B6C-9408-A912D6051FF2}.Release|x64.Build.0 = Release|Any CPU
		{FCB148D0-8B6A-4B6C-9408-A912D6051FF2}.Release|x86.ActiveCfg = Release|Any CPU
		{FCB148D0-8B6A-4B6C-9408-A912D6051FF2}.Release|x86.Build.0 = Release|Any CPU
		{96F91333-2545-4C1B-8E33-9522C0ECF589}.Debug|Any CPU.ActiveCfg = Debug|Any CPU
		{96F91333-2545-4C1B-8E33-9522C0ECF589}.Debug|Any CPU.Build.0 = Debug|Any CPU
		{96F91333-2545-4C1B-8E33-9522C0ECF589}.Debug|x64.ActiveCfg = Debug|Any CPU
		{96F91333-2545-4C1B-8E33-9522C0ECF589}.Debug|x64.Build.0 = Debug|Any CPU
		{96F91333-2545-4C1B-8E33-9522C0ECF589}.Debug|x86.ActiveCfg = Debug|Any CPU
		{96F91333-2545-4C1B-8E33-9522C0ECF589}.Debug|x86.Build.0 = Debug|Any CPU
		{96F91333-2545-4C1B-8E33-9522C0ECF589}.Release|Any CPU.ActiveCfg = Release|Any CPU
		{96F91333-2545-4C1B-8E33-9522C0ECF589}.Release|Any CPU.Build.0 = Release|Any CPU
		{96F91333-2545-4C1B-8E33-9522C0ECF589}.Release|x64.ActiveCfg = Release|Any CPU
		{96F91333-2545-4C1B-8E33-9522C0ECF589}.Release|x64.Build.0 = Release|Any CPU
		{96F91333-2545-4C1B-8E33-9522C0ECF589}.Release|x86.ActiveCfg = Release|Any CPU
		{96F91333-2545-4C1B-8E33-9522C0ECF589}.Release|x86.Build.0 = Release|Any CPU
		{CD8CD3F4-6791-4C70-9D80-84257B49B84A}.Debug|Any CPU.ActiveCfg = Debug|Any CPU
		{CD8CD3F4-6791-4C70-9D80-84257B49B84A}.Debug|Any CPU.Build.0 = Debug|Any CPU
		{CD8CD3F4-6791-4C70-9D80-84257B49B84A}.Debug|x64.ActiveCfg = Debug|Any CPU
		{CD8CD3F4-6791-4C70-9D80-84257B49B84A}.Debug|x64.Build.0 = Debug|Any CPU
		{CD8CD3F4-6791-4C70-9D80-84257B49B84A}.Debug|x86.ActiveCfg = Debug|Any CPU
		{CD8CD3F4-6791-4C70-9D80-84257B49B84A}.Debug|x86.Build.0 = Debug|Any CPU
		{CD8CD3F4-6791-4C70-9D80-84257B49B84A}.Release|Any CPU.ActiveCfg = Release|Any CPU
		{CD8CD3F4-6791-4C70-9D80-84257B49B84A}.Release|Any CPU.Build.0 = Release|Any CPU
		{CD8CD3F4-6791-4C70-9D80-84257B49B84A}.Release|x64.ActiveCfg = Release|Any CPU
		{CD8CD3F4-6791-4C70-9D80-84257B49B84A}.Release|x64.Build.0 = Release|Any CPU
		{CD8CD3F4-6791-4C70-9D80-84257B49B84A}.Release|x86.ActiveCfg = Release|Any CPU
		{CD8CD3F4-6791-4C70-9D80-84257B49B84A}.Release|x86.Build.0 = Release|Any CPU
		{4D8470DD-CCEC-43B4-8D44-EAFE1234E01D}.Debug|Any CPU.ActiveCfg = Debug|Any CPU
		{4D8470DD-CCEC-43B4-8D44-EAFE1234E01D}.Debug|Any CPU.Build.0 = Debug|Any CPU
		{4D8470DD-CCEC-43B4-8D44-EAFE1234E01D}.Debug|x64.ActiveCfg = Debug|Any CPU
		{4D8470DD-CCEC-43B4-8D44-EAFE1234E01D}.Debug|x64.Build.0 = Debug|Any CPU
		{4D8470DD-CCEC-43B4-8D44-EAFE1234E01D}.Debug|x86.ActiveCfg = Debug|Any CPU
		{4D8470DD-CCEC-43B4-8D44-EAFE1234E01D}.Debug|x86.Build.0 = Debug|Any CPU
		{4D8470DD-CCEC-43B4-8D44-EAFE1234E01D}.Release|Any CPU.ActiveCfg = Release|Any CPU
		{4D8470DD-CCEC-43B4-8D44-EAFE1234E01D}.Release|Any CPU.Build.0 = Release|Any CPU
		{4D8470DD-CCEC-43B4-8D44-EAFE1234E01D}.Release|x64.ActiveCfg = Release|Any CPU
		{4D8470DD-CCEC-43B4-8D44-EAFE1234E01D}.Release|x64.Build.0 = Release|Any CPU
		{4D8470DD-CCEC-43B4-8D44-EAFE1234E01D}.Release|x86.ActiveCfg = Release|Any CPU
		{4D8470DD-CCEC-43B4-8D44-EAFE1234E01D}.Release|x86.Build.0 = Release|Any CPU
		{2C6AD3A8-2BE1-4559-80E8-28885EE4C360}.Debug|Any CPU.ActiveCfg = Debug|Any CPU
		{2C6AD3A8-2BE1-4559-80E8-28885EE4C360}.Debug|Any CPU.Build.0 = Debug|Any CPU
		{2C6AD3A8-2BE1-4559-80E8-28885EE4C360}.Debug|x64.ActiveCfg = Debug|Any CPU
		{2C6AD3A8-2BE1-4559-80E8-28885EE4C360}.Debug|x64.Build.0 = Debug|Any CPU
		{2C6AD3A8-2BE1-4559-80E8-28885EE4C360}.Debug|x86.ActiveCfg = Debug|Any CPU
		{2C6AD3A8-2BE1-4559-80E8-28885EE4C360}.Debug|x86.Build.0 = Debug|Any CPU
		{2C6AD3A8-2BE1-4559-80E8-28885EE4C360}.Release|Any CPU.ActiveCfg = Release|Any CPU
		{2C6AD3A8-2BE1-4559-80E8-28885EE4C360}.Release|Any CPU.Build.0 = Release|Any CPU
		{2C6AD3A8-2BE1-4559-80E8-28885EE4C360}.Release|x64.ActiveCfg = Release|Any CPU
		{2C6AD3A8-2BE1-4559-80E8-28885EE4C360}.Release|x64.Build.0 = Release|Any CPU
		{2C6AD3A8-2BE1-4559-80E8-28885EE4C360}.Release|x86.ActiveCfg = Release|Any CPU
		{2C6AD3A8-2BE1-4559-80E8-28885EE4C360}.Release|x86.Build.0 = Release|Any CPU
	EndGlobalSection
	GlobalSection(SolutionProperties) = preSolution
		HideSolutionNode = FALSE
	EndGlobalSection
	GlobalSection(NestedProjects) = preSolution
		{CD8CD3F4-6791-4C70-9D80-84257B49B84A} = {79085055-D04E-4DFF-AF4F-6E23142AA371}
		{4D8470DD-CCEC-43B4-8D44-EAFE1234E01D} = {79085055-D04E-4DFF-AF4F-6E23142AA371}
		{2C6AD3A8-2BE1-4559-80E8-28885EE4C360} = {79085055-D04E-4DFF-AF4F-6E23142AA371}
	EndGlobalSection
	GlobalSection(ExtensibilityGlobals) = postSolution
		SolutionGuid = {2C604580-FC86-43E2-9BBD-A2624BD39C92}
	EndGlobalSection
EndGlobal
